
Microsoft Visual Studio Solution File, Format Version 12.00
# Visual Studio Version 17
VisualStudioVersion = 17.10.34928.147
MinimumVisualStudioVersion = 10.0.40219.1
Project("{FAE04EC0-301F-11D3-BF4B-00C04F79EFBC}") = "Lab2", "Lab2.csproj", "{DA4ABF6D-9784-483B-9822-219DE95B9052}"
EndProject
Global
	GlobalSection(SolutionConfigurationPlatforms) = preSolution
		Debug|Any CPU = Debug|Any CPU
		Release|Any CPU = Release|Any CPU
	EndGlobalSection
	GlobalSection(ProjectConfigurationPlatforms) = postSolution
		{DA4ABF6D-9784-483B-9822-219DE95B9052}.Debug|Any CPU.ActiveCfg = Debug|Any CPU
		{DA4ABF6D-9784-483B-9822-219DE95B9052}.Debug|Any CPU.Build.0 = Debug|Any CPU
		{DA4ABF6D-9784-483B-9822-219DE95B9052}.Release|Any CPU.ActiveCfg = Release|Any CPU
		{DA4ABF6D-9784-483B-9822-219DE95B9052}.Release|Any CPU.Build.0 = Release|Any CPU
	EndGlobalSection
	GlobalSection(SolutionProperties) = preSolution
		HideSolutionNode = FALSE
	EndGlobalSection
	GlobalSection(ExtensibilityGlobals) = postSolution
		SolutionGuid = {165527CE-A52B-4044-98D5-A2841C78881B}
	EndGlobalSection
EndGlobal
